{
    "name": "stencil-starter-on",
    "version": "0.0.1",
    "lockfileVersion": 2,
    "requires": true,
    "packages": {
        "": {
            "name": "stencil-starter-on",
            "version": "0.0.1",
            "license": "MIT",
            "dependencies": {
                "@stencil/core": "^2.15.2"
            }
        },
        "node_modules/@stencil/core": {
            "version": "2.15.2",
            "resolved": "https://registry.npmjs.org/@stencil/core/-/core-2.15.2.tgz",
            "integrity": "sha512-D6dv2KAXlWt9mjC28q0s6anghQgXRn0k93suOf+4pqsv1Uq19zNJXpYL68N5GxMSiNZyMPTU4Tt2NCbut7DVGg==",
            "bin": {
                "stencil": "bin/stencil"
            },
            "engines": {
                "node": ">=12.10.0",
                "npm": ">=6.0.0"
            }
        }
    },
    "dependencies": {
        "@stencil/core": {
            "version": "2.15.2",
            "resolved": "https://registry.npmjs.org/@stencil/core/-/core-2.15.2.tgz",
            "integrity": "sha512-D6dv2KAXlWt9mjC28q0s6anghQgXRn0k93suOf+4pqsv1Uq19zNJXpYL68N5GxMSiNZyMPTU4Tt2NCbut7DVGg=="
        }
    }
}
